
Microsoft Visual Studio Solution File, Format Version 12.00
# Visual Studio 15
VisualStudioVersion = 15.0.27703.2042
MinimumVisualStudioVersion = 10.0.40219.1
Project("{FAE04EC0-301F-11D3-BF4B-00C04F79EFBC}") = "ChatServer", "ChatServer\ChatServer.csproj", "{0BFC20C7-FB0D-4330-AC33-C09E829AD492}"
EndProject
Global
	GlobalSection(SolutionConfigurationPlatforms) = preSolution
		Debug|Any CPU = Debug|Any CPU
		Release|Any CPU = Release|Any CPU
	EndGlobalSection
	GlobalSection(ProjectConfigurationPlatforms) = postSolution
		{0BFC20C7-FB0D-4330-AC33-C09E829AD492}.Debug|Any CPU.ActiveCfg = Debug|Any CPU
		{0BFC20C7-FB0D-4330-AC33-C09E829AD492}.Debug|Any CPU.Build.0 = Debug|Any CPU
		{0BFC20C7-FB0D-4330-AC33-C09E829AD492}.Release|Any CPU.ActiveCfg = Release|Any CPU
		{0BFC20C7-FB0D-4330-AC33-C09E829AD492}.Release|Any CPU.Build.0 = Release|Any CPU
	EndGlobalSection
	GlobalSection(SolutionProperties) = preSolution
		HideSolutionNode = FALSE
	EndGlobalSection
	GlobalSection(ExtensibilityGlobals) = postSolution
		SolutionGuid = {EDB9C76B-7B28-424B-9B23-B7525280C085}
	EndGlobalSection
EndGlobal
